
Microsoft Visual Studio Solution File, Format Version 12.00
# Visual Studio Version 16
VisualStudioVersion = 16.0.31321.278
MinimumVisualStudioVersion = 10.0.40219.1
Project("{FAE04EC0-301F-11D3-BF4B-00C04F79EFBC}") = "ConsoleApp1", "ConsoleApp1\ConsoleApp1.csproj", "{83010C56-44D9-4EF6-BA97-0AB280B88720}"
EndProject
Global
	GlobalSection(SolutionConfigurationPlatforms) = preSolution
		Debug|Any CPU = Debug|Any CPU
		Release|Any CPU = Release|Any CPU
	EndGlobalSection
	GlobalSection(ProjectConfigurationPlatforms) = postSolution
		{83010C56-44D9-4EF6-BA97-0AB280B88720}.Debug|Any CPU.ActiveCfg = Debug|Any CPU
		{83010C56-44D9-4EF6-BA97-0AB280B88720}.Debug|Any CPU.Build.0 = Debug|Any CPU
		{83010C56-44D9-4EF6-BA97-0AB280B88720}.Release|Any CPU.ActiveCfg = Release|Any CPU
		{83010C56-44D9-4EF6-BA97-0AB280B88720}.Release|Any CPU.Build.0 = Release|Any CPU
	EndGlobalSection
	GlobalSection(SolutionProperties) = preSolution
		HideSolutionNode = FALSE
	EndGlobalSection
	GlobalSection(ExtensibilityGlobals) = postSolution
		SolutionGuid = {18D0CD9F-A596-4542-BAB5-B98BAA8AC7A5}
	EndGlobalSection
EndGlobal
